// !$*UTF8*$!
{
	archiveVersion = 1;
	classes = {
	};
	objectVersion = 47;
	objects = {

/* Begin PBXBuildFile section */
		2E0125041D628FB500C2F7BD /* TodoItem.swift in Sources */ = {isa = PBXBuildFile; fileRef = 2E0125031D628FB500C2F7BD /* TodoItem.swift */; };
		2E0125071D6292C700C2F7BD /* TodoList.swift in Sources */ = {isa = PBXBuildFile; fileRef = 2E0125061D6292C700C2F7BD /* TodoList.swift */; };
		2E3A010A1D716DA000866E80 /* todo_list.json in Resources */ = {isa = PBXBuildFile; fileRef = 2E3A01081D716D5700866E80 /* todo_list.json */; };
		2E436A3D1D62E7F900125168 /* TodoItemSpec.swift in Sources */ = {isa = PBXBuildFile; fileRef = 2E436A3B1D62E77F00125168 /* TodoItemSpec.swift */; };
		2E79D0EF1D67655D003E5BAF /* TodoListSpec.swift in Sources */ = {isa = PBXBuildFile; fileRef = 2E79D0ED1D676557003E5BAF /* TodoListSpec.swift */; };
		2E937F841D9C783B0061E4C1 /* SwiftyJSON.framework in Frameworks */ = {isa = PBXBuildFile; fileRef = 2E937F831D9C783B0061E4C1 /* SwiftyJSON.framework */; };
		2E9420871D3DA96B007324BB /* TodoClient.swift in Sources */ = {isa = PBXBuildFile; fileRef = 2E9420861D3DA96B007324BB /* TodoClient.swift */; };
		2E94208B1D3DA9CD007324BB /* TodoClientSpec.swift in Sources */ = {isa = PBXBuildFile; fileRef = 2E94208A1D3DA9CD007324BB /* TodoClientSpec.swift */; };
		2EB60E641D42799B00EF2A54 /* TodoClientContractSpec.swift in Sources */ = {isa = PBXBuildFile; fileRef = 2EB60E621D42799100EF2A54 /* TodoClientContractSpec.swift */; };
		2EC197301D7F47E90052951B /* Alamofire.framework in Frameworks */ = {isa = PBXBuildFile; fileRef = 2EC1972F1D7F47E90052951B /* Alamofire.framework */; };
		2EC197341D7F4B450052951B /* Nimble.framework in Frameworks */ = {isa = PBXBuildFile; fileRef = 2EC197331D7F4B450052951B /* Nimble.framework */; };
		2EC197361D7F4B480052951B /* Quick.framework in Frameworks */ = {isa = PBXBuildFile; fileRef = 2EC197351D7F4B480052951B /* Quick.framework */; };
		2EC197381D7F4B4C0052951B /* OHHTTPStubs.framework in Frameworks */ = {isa = PBXBuildFile; fileRef = 2EC197371D7F4B4C0052951B /* OHHTTPStubs.framework */; };
		2EC1973A1D7F4B720052951B /* BrightFutures.framework in Frameworks */ = {isa = PBXBuildFile; fileRef = 2EC197391D7F4B720052951B /* BrightFutures.framework */; };
		2EC1973B1D7F4B770052951B /* Nimble.framework in Frameworks */ = {isa = PBXBuildFile; fileRef = 2EC197331D7F4B450052951B /* Nimble.framework */; };
		2EC1973D1D7F4B7B0052951B /* Result.framework in Frameworks */ = {isa = PBXBuildFile; fileRef = 2EC1973C1D7F4B7B0052951B /* Result.framework */; };
		2EC1973F1D7F4B810052951B /* PactConsumerSwift.framework in Frameworks */ = {isa = PBXBuildFile; fileRef = 2EC1973E1D7F4B810052951B /* PactConsumerSwift.framework */; };
		2EC197401D7F4B8A0052951B /* Quick.framework in Frameworks */ = {isa = PBXBuildFile; fileRef = 2EC197351D7F4B480052951B /* Quick.framework */; };
/* End PBXBuildFile section */

/* Begin PBXContainerItemProxy section */
		2E8A68691D8092530085452F /* PBXContainerItemProxy */ = {
			isa = PBXContainerItemProxy;
			containerPortal = 2E94202A1D3DA854007324BB /* Project object */;
			proxyType = 1;
			remoteGlobalIDString = 2E9420511D3DA8C5007324BB;
			remoteInfo = TodoClient;
		};
		2E8A686C1D8093D00085452F /* PBXContainerItemProxy */ = {
			isa = PBXContainerItemProxy;
			containerPortal = 2E94202A1D3DA854007324BB /* Project object */;
			proxyType = 1;
			remoteGlobalIDString = 2E9420511D3DA8C5007324BB;
			remoteInfo = TodoClient;
		};
/* End PBXContainerItemProxy section */

/* Begin PBXFileReference section */
		2E0125031D628FB500C2F7BD /* TodoItem.swift */ = {isa = PBXFileReference; fileEncoding = 4; lastKnownFileType = sourcecode.swift; name = TodoItem.swift; path = Sources/Models/TodoItem.swift; sourceTree = "<group>"; };
		2E0125061D6292C700C2F7BD /* TodoList.swift */ = {isa = PBXFileReference; fileEncoding = 4; lastKnownFileType = sourcecode.swift; name = TodoList.swift; path = Sources/Models/TodoList.swift; sourceTree = "<group>"; };
		2E3A01081D716D5700866E80 /* todo_list.json */ = {isa = PBXFileReference; fileEncoding = 4; lastKnownFileType = text.json; name = todo_list.json; path = Tests/Resources/todo_list.json; sourceTree = "<group>"; };
		2E436A3B1D62E77F00125168 /* TodoItemSpec.swift */ = {isa = PBXFileReference; fileEncoding = 4; lastKnownFileType = sourcecode.swift; name = TodoItemSpec.swift; path = Tests/Models/TodoItemSpec.swift; sourceTree = "<group>"; };
		2E79D0ED1D676557003E5BAF /* TodoListSpec.swift */ = {isa = PBXFileReference; fileEncoding = 4; lastKnownFileType = sourcecode.swift; name = TodoListSpec.swift; path = Tests/Models/TodoListSpec.swift; sourceTree = "<group>"; };
		2E8A68671D808F600085452F /* Info.plist */ = {isa = PBXFileReference; fileEncoding = 4; lastKnownFileType = text.plist.xml; name = Info.plist; path = Tests/Info.plist; sourceTree = "<group>"; };
		2E937F831D9C783B0061E4C1 /* SwiftyJSON.framework */ = {isa = PBXFileReference; lastKnownFileType = wrapper.framework; name = SwiftyJSON.framework; path = Carthage/Build/iOS/SwiftyJSON.framework; sourceTree = "<group>"; };
		2E9420521D3DA8C5007324BB /* TodoClient.framework */ = {isa = PBXFileReference; explicitFileType = wrapper.framework; includeInIndex = 0; path = TodoClient.framework; sourceTree = BUILT_PRODUCTS_DIR; };
		2E94205B1D3DA8C5007324BB /* TodoClientUnitTests.xctest */ = {isa = PBXFileReference; explicitFileType = wrapper.cfbundle; includeInIndex = 0; path = TodoClientUnitTests.xctest; sourceTree = BUILT_PRODUCTS_DIR; };
		2E9420861D3DA96B007324BB /* TodoClient.swift */ = {isa = PBXFileReference; fileEncoding = 4; lastKnownFileType = sourcecode.swift; name = TodoClient.swift; path = Sources/TodoClient.swift; sourceTree = "<group>"; };
		2E94208A1D3DA9CD007324BB /* TodoClientSpec.swift */ = {isa = PBXFileReference; fileEncoding = 4; lastKnownFileType = sourcecode.swift; name = TodoClientSpec.swift; path = Tests/TodoClientSpec.swift; sourceTree = "<group>"; };
		2EB60E571D42754900EF2A54 /* TodoClientContractTests.xctest */ = {isa = PBXFileReference; explicitFileType = wrapper.cfbundle; includeInIndex = 0; path = TodoClientContractTests.xctest; sourceTree = BUILT_PRODUCTS_DIR; };
		2EB60E621D42799100EF2A54 /* TodoClientContractSpec.swift */ = {isa = PBXFileReference; fileEncoding = 4; lastKnownFileType = sourcecode.swift; name = TodoClientContractSpec.swift; path = Tests/TodoClientContractSpec.swift; sourceTree = "<group>"; };
		2EC1972F1D7F47E90052951B /* Alamofire.framework */ = {isa = PBXFileReference; lastKnownFileType = wrapper.framework; name = Alamofire.framework; path = Carthage/Build/iOS/Alamofire.framework; sourceTree = "<group>"; };
		2EC197331D7F4B450052951B /* Nimble.framework */ = {isa = PBXFileReference; lastKnownFileType = wrapper.framework; name = Nimble.framework; path = Carthage/Build/iOS/Nimble.framework; sourceTree = "<group>"; };
		2EC197351D7F4B480052951B /* Quick.framework */ = {isa = PBXFileReference; lastKnownFileType = wrapper.framework; name = Quick.framework; path = Carthage/Build/iOS/Quick.framework; sourceTree = "<group>"; };
		2EC197371D7F4B4C0052951B /* OHHTTPStubs.framework */ = {isa = PBXFileReference; lastKnownFileType = wrapper.framework; name = OHHTTPStubs.framework; path = Carthage/Build/iOS/OHHTTPStubs.framework; sourceTree = "<group>"; };
		2EC197391D7F4B720052951B /* BrightFutures.framework */ = {isa = PBXFileReference; lastKnownFileType = wrapper.framework; name = BrightFutures.framework; path = Carthage/Build/iOS/BrightFutures.framework; sourceTree = "<group>"; };
		2EC1973C1D7F4B7B0052951B /* Result.framework */ = {isa = PBXFileReference; lastKnownFileType = wrapper.framework; name = Result.framework; path = Carthage/Build/iOS/Result.framework; sourceTree = "<group>"; };
		2EC1973E1D7F4B810052951B /* PactConsumerSwift.framework */ = {isa = PBXFileReference; lastKnownFileType = wrapper.framework; name = PactConsumerSwift.framework; path = Carthage/Build/iOS/PactConsumerSwift.framework; sourceTree = "<group>"; };
		2EE67CC31D4C2B0500093142 /* Info.plist */ = {isa = PBXFileReference; fileEncoding = 4; lastKnownFileType = text.plist.xml; name = Info.plist; path = Sources/Info.plist; sourceTree = "<group>"; };
/* End PBXFileReference section */

/* Begin PBXFrameworksBuildPhase section */
		2E94204E1D3DA8C5007324BB /* Frameworks */ = {
			isa = PBXFrameworksBuildPhase;
			buildActionMask = 2147483647;
			files = (
				2E937F841D9C783B0061E4C1 /* SwiftyJSON.framework in Frameworks */,
				2EC197301D7F47E90052951B /* Alamofire.framework in Frameworks */,
			);
			runOnlyForDeploymentPostprocessing = 0;
		};
		2E9420581D3DA8C5007324BB /* Frameworks */ = {
			isa = PBXFrameworksBuildPhase;
			buildActionMask = 2147483647;
			files = (
				2EC197361D7F4B480052951B /* Quick.framework in Frameworks */,
				2EC197341D7F4B450052951B /* Nimble.framework in Frameworks */,
				2EC197381D7F4B4C0052951B /* OHHTTPStubs.framework in Frameworks */,
			);
			runOnlyForDeploymentPostprocessing = 0;
		};
		2EB60E541D42754900EF2A54 /* Frameworks */ = {
			isa = PBXFrameworksBuildPhase;
			buildActionMask = 2147483647;
			files = (
				2EC1973D1D7F4B7B0052951B /* Result.framework in Frameworks */,
				2EC1973A1D7F4B720052951B /* BrightFutures.framework in Frameworks */,
				2EC197401D7F4B8A0052951B /* Quick.framework in Frameworks */,
				2EC1973B1D7F4B770052951B /* Nimble.framework in Frameworks */,
				2EC1973F1D7F4B810052951B /* PactConsumerSwift.framework in Frameworks */,
			);
			runOnlyForDeploymentPostprocessing = 0;
		};
/* End PBXFrameworksBuildPhase section */

/* Begin PBXGroup section */
		2E3A01071D716D4A00866E80 /* Resources */ = {
			isa = PBXGroup;
			children = (
				2E3A01081D716D5700866E80 /* todo_list.json */,
			);
			name = Resources;
			sourceTree = "<group>";
		};
		2E7861E71D47490F00B374D5 /* Models */ = {
			isa = PBXGroup;
			children = (
				2E0125031D628FB500C2F7BD /* TodoItem.swift */,
				2E0125061D6292C700C2F7BD /* TodoList.swift */,
			);
			name = Models;
			sourceTree = "<group>";
		};
		2E7861EB1D47494900B374D5 /* Models */ = {
			isa = PBXGroup;
			children = (
				2E79D0ED1D676557003E5BAF /* TodoListSpec.swift */,
				2E436A3B1D62E77F00125168 /* TodoItemSpec.swift */,
			);
			name = Models;
			sourceTree = "<group>";
		};
		2E9420291D3DA854007324BB = {
			isa = PBXGroup;
			children = (
				2EBB9DF71D7F3F8400905FC0 /* Frameworks */,
				2E9420851D3DA959007324BB /* Sources */,
				2E9420891D3DA9AD007324BB /* Tests */,
				2E9420341D3DA854007324BB /* Products */,
			);
			sourceTree = "<group>";
		};
		2E9420341D3DA854007324BB /* Products */ = {
			isa = PBXGroup;
			children = (
				2E9420521D3DA8C5007324BB /* TodoClient.framework */,
				2E94205B1D3DA8C5007324BB /* TodoClientUnitTests.xctest */,
				2EB60E571D42754900EF2A54 /* TodoClientContractTests.xctest */,
			);
			name = Products;
			sourceTree = "<group>";
		};
		2E9420851D3DA959007324BB /* Sources */ = {
			isa = PBXGroup;
			children = (
				2E7861E71D47490F00B374D5 /* Models */,
				2E9420861D3DA96B007324BB /* TodoClient.swift */,
				2EE67CC31D4C2B0500093142 /* Info.plist */,
			);
			name = Sources;
			sourceTree = "<group>";
		};
		2E9420891D3DA9AD007324BB /* Tests */ = {
			isa = PBXGroup;
			children = (
				2E3A01071D716D4A00866E80 /* Resources */,
				2E7861EB1D47494900B374D5 /* Models */,
				2E94208A1D3DA9CD007324BB /* TodoClientSpec.swift */,
				2EB60E621D42799100EF2A54 /* TodoClientContractSpec.swift */,
				2E8A68671D808F600085452F /* Info.plist */,
			);
			name = Tests;
			sourceTree = "<group>";
		};
		2EBB9DF71D7F3F8400905FC0 /* Frameworks */ = {
			isa = PBXGroup;
			children = (
				2E937F831D9C783B0061E4C1 /* SwiftyJSON.framework */,
				2EC1973E1D7F4B810052951B /* PactConsumerSwift.framework */,
				2EC1973C1D7F4B7B0052951B /* Result.framework */,
				2EC197391D7F4B720052951B /* BrightFutures.framework */,
				2EC197371D7F4B4C0052951B /* OHHTTPStubs.framework */,
				2EC197351D7F4B480052951B /* Quick.framework */,
				2EC197331D7F4B450052951B /* Nimble.framework */,
				2EC1972F1D7F47E90052951B /* Alamofire.framework */,
			);
			name = Frameworks;
			sourceTree = "<group>";
		};
/* End PBXGroup section */

/* Begin PBXHeadersBuildPhase section */
		2E94204F1D3DA8C5007324BB /* Headers */ = {
			isa = PBXHeadersBuildPhase;
			buildActionMask = 2147483647;
			files = (
			);
			runOnlyForDeploymentPostprocessing = 0;
		};
/* End PBXHeadersBuildPhase section */

/* Begin PBXNativeTarget section */
		2E9420511D3DA8C5007324BB /* TodoClient */ = {
			isa = PBXNativeTarget;
			buildConfigurationList = 2E9420631D3DA8C5007324BB /* Build configuration list for PBXNativeTarget "TodoClient" */;
			buildPhases = (
				2E94204D1D3DA8C5007324BB /* Sources */,
				2E94204E1D3DA8C5007324BB /* Frameworks */,
				2E94204F1D3DA8C5007324BB /* Headers */,
				2E9420501D3DA8C5007324BB /* Resources */,
				2EF44F561D7F5F0D005261D9 /* Copy Carthage Frameworks */,
			);
			buildRules = (
			);
			dependencies = (
			);
			name = TodoClient;
			productName = TodoClient;
			productReference = 2E9420521D3DA8C5007324BB /* TodoClient.framework */;
			productType = "com.apple.product-type.framework";
		};
		2E94205A1D3DA8C5007324BB /* TodoClientUnitTests */ = {
			isa = PBXNativeTarget;
			buildConfigurationList = 2E9420661D3DA8C5007324BB /* Build configuration list for PBXNativeTarget "TodoClientUnitTests" */;
			buildPhases = (
				2E9420571D3DA8C5007324BB /* Sources */,
				2E9420581D3DA8C5007324BB /* Frameworks */,
				2E9420591D3DA8C5007324BB /* Resources */,
				2EF44F571D7F5F5C005261D9 /* Copy Carthage Frameworks */,
			);
			buildRules = (
			);
			dependencies = (
				2E8A686D1D8093D00085452F /* PBXTargetDependency */,
			);
			name = TodoClientUnitTests;
			productName = TodoClientTests;
			productReference = 2E94205B1D3DA8C5007324BB /* TodoClientUnitTests.xctest */;
			productType = "com.apple.product-type.bundle.unit-test";
		};
		2EB60E561D42754900EF2A54 /* TodoClientContractTests */ = {
			isa = PBXNativeTarget;
			buildConfigurationList = 2EB60E611D42754900EF2A54 /* Build configuration list for PBXNativeTarget "TodoClientContractTests" */;
			buildPhases = (
				2EB60E531D42754900EF2A54 /* Sources */,
				2EB60E541D42754900EF2A54 /* Frameworks */,
				2EB60E551D42754900EF2A54 /* Resources */,
				2EF44F551D7F5EBB005261D9 /* Copy Carthage Frameworks */,
			);
			buildRules = (
			);
			dependencies = (
				2E8A686A1D8092530085452F /* PBXTargetDependency */,
			);
			name = TodoClientContractTests;
			productName = TodoClientContractTests;
			productReference = 2EB60E571D42754900EF2A54 /* TodoClientContractTests.xctest */;
			productType = "com.apple.product-type.bundle.unit-test";
		};
/* End PBXNativeTarget section */

/* Begin PBXProject section */
		2E94202A1D3DA854007324BB /* Project object */ = {
			isa = PBXProject;
			attributes = {
				LastSwiftUpdateCheck = 0730;
				LastUpgradeCheck = 0800;
				ORGANIZATIONNAME = "Rajat Vig";
				TargetAttributes = {
					2E9420511D3DA8C5007324BB = {
						CreatedOnToolsVersion = 7.3.1;
						LastSwiftMigration = 0800;
					};
					2E94205A1D3DA8C5007324BB = {
						CreatedOnToolsVersion = 7.3.1;
						LastSwiftMigration = 0800;
					};
					2EB60E561D42754900EF2A54 = {
						CreatedOnToolsVersion = 7.3.1;
						LastSwiftMigration = 0800;
					};
				};
			};
			buildConfigurationList = 2E94202D1D3DA854007324BB /* Build configuration list for PBXProject "TodoClient" */;
			compatibilityVersion = "Xcode 6.3";
			developmentRegion = English;
			hasScannedForEncodings = 0;
			knownRegions = (
				en,
			);
			mainGroup = 2E9420291D3DA854007324BB;
			productRefGroup = 2E9420341D3DA854007324BB /* Products */;
			projectDirPath = "";
			projectRoot = "";
			targets = (
				2E9420511D3DA8C5007324BB /* TodoClient */,
				2E94205A1D3DA8C5007324BB /* TodoClientUnitTests */,
				2EB60E561D42754900EF2A54 /* TodoClientContractTests */,
			);
		};
/* End PBXProject section */

/* Begin PBXResourcesBuildPhase section */
		2E9420501D3DA8C5007324BB /* Resources */ = {
			isa = PBXResourcesBuildPhase;
			buildActionMask = 2147483647;
			files = (
			);
			runOnlyForDeploymentPostprocessing = 0;
		};
		2E9420591D3DA8C5007324BB /* Resources */ = {
			isa = PBXResourcesBuildPhase;
			buildActionMask = 2147483647;
			files = (
				2E3A010A1D716DA000866E80 /* todo_list.json in Resources */,
			);
			runOnlyForDeploymentPostprocessing = 0;
		};
		2EB60E551D42754900EF2A54 /* Resources */ = {
			isa = PBXResourcesBuildPhase;
			buildActionMask = 2147483647;
			files = (
			);
			runOnlyForDeploymentPostprocessing = 0;
		};
/* End PBXResourcesBuildPhase section */

/* Begin PBXShellScriptBuildPhase section */
		2EF44F551D7F5EBB005261D9 /* Copy Carthage Frameworks */ = {
			isa = PBXShellScriptBuildPhase;
			buildActionMask = 2147483647;
			files = (
			);
			inputPaths = (
				"$(SRCROOT)/Carthage/Build/iOS/Result.framework",
				"$(SRCROOT)/Carthage/Build/iOS/BrightFutures.framework",
				"$(SRCROOT)/Carthage/Build/iOS/Quick.framework",
				"$(SRCROOT)/Carthage/Build/iOS/Nimble.framework",
				"$(SRCROOT)/Carthage/Build/iOS/PactConsumerSwift.framework",
				"$(SRCROOT)/Carthage/Build/iOS/Alamofire.framework",
				"$(SRCROOT)/Carthage/Build/iOS/SwiftyJSON.framework",
			);
			name = "Copy Carthage Frameworks";
			outputPaths = (
			);
			runOnlyForDeploymentPostprocessing = 0;
			shellPath = /bin/sh;
			shellScript = "carthage copy-frameworks";
		};
		2EF44F561D7F5F0D005261D9 /* Copy Carthage Frameworks */ = {
			isa = PBXShellScriptBuildPhase;
			buildActionMask = 2147483647;
			files = (
			);
			inputPaths = (
				"$(SRCROOT)/Carthage/Build/iOS/Alamofire.framework",
				"$(SRCROOT)/Carthage/Build/iOS/SwiftyJSON.framework",
			);
			name = "Copy Carthage Frameworks";
			outputPaths = (
			);
			runOnlyForDeploymentPostprocessing = 0;
			shellPath = /bin/sh;
			shellScript = "carthage copy-frameworks";
		};
		2EF44F571D7F5F5C005261D9 /* Copy Carthage Frameworks */ = {
			isa = PBXShellScriptBuildPhase;
			buildActionMask = 2147483647;
			files = (
			);
			inputPaths = (
				"$(SRCROOT)/Carthage/Build/iOS/Quick.framework",
				"$(SRCROOT)/Carthage/Build/iOS/Nimble.framework",
				"$(SRCROOT)/Carthage/Build/iOS/OHHTTPStubs.framework",
				"$(SRCROOT)/Carthage/Build/iOS/Alamofire.framework",
				"$(SRCROOT)/Carthage/Build/iOS/SwiftyJSON.framework",
			);
			name = "Copy Carthage Frameworks";
			outputPaths = (
			);
			runOnlyForDeploymentPostprocessing = 0;
			shellPath = /bin/sh;
			shellScript = "carthage copy-frameworks";
		};
/* End PBXShellScriptBuildPhase section */

/* Begin PBXSourcesBuildPhase section */
		2E94204D1D3DA8C5007324BB /* Sources */ = {
			isa = PBXSourcesBuildPhase;
			buildActionMask = 2147483647;
			files = (
				2E0125071D6292C700C2F7BD /* TodoList.swift in Sources */,
				2E9420871D3DA96B007324BB /* TodoClient.swift in Sources */,
				2E0125041D628FB500C2F7BD /* TodoItem.swift in Sources */,
			);
			runOnlyForDeploymentPostprocessing = 0;
		};
		2E9420571D3DA8C5007324BB /* Sources */ = {
			isa = PBXSourcesBuildPhase;
			buildActionMask = 2147483647;
			files = (
				2E436A3D1D62E7F900125168 /* TodoItemSpec.swift in Sources */,
				2E79D0EF1D67655D003E5BAF /* TodoListSpec.swift in Sources */,
				2E94208B1D3DA9CD007324BB /* TodoClientSpec.swift in Sources */,
			);
			runOnlyForDeploymentPostprocessing = 0;
		};
		2EB60E531D42754900EF2A54 /* Sources */ = {
			isa = PBXSourcesBuildPhase;
			buildActionMask = 2147483647;
			files = (
				2EB60E641D42799B00EF2A54 /* TodoClientContractSpec.swift in Sources */,
			);
			runOnlyForDeploymentPostprocessing = 0;
		};
/* End PBXSourcesBuildPhase section */

/* Begin PBXTargetDependency section */
		2E8A686A1D8092530085452F /* PBXTargetDependency */ = {
			isa = PBXTargetDependency;
			target = 2E9420511D3DA8C5007324BB /* TodoClient */;
			targetProxy = 2E8A68691D8092530085452F /* PBXContainerItemProxy */;
		};
		2E8A686D1D8093D00085452F /* PBXTargetDependency */ = {
			isa = PBXTargetDependency;
			target = 2E9420511D3DA8C5007324BB /* TodoClient */;
			targetProxy = 2E8A686C1D8093D00085452F /* PBXContainerItemProxy */;
		};
/* End PBXTargetDependency section */

/* Begin XCBuildConfiguration section */
		2E9420451D3DA854007324BB /* Debug */ = {
			isa = XCBuildConfiguration;
			buildSettings = {
				ALWAYS_SEARCH_USER_PATHS = NO;
				CLANG_ANALYZER_NONNULL = YES;
				CLANG_CXX_LANGUAGE_STANDARD = "gnu++0x";
				CLANG_CXX_LIBRARY = "libc++";
				CLANG_ENABLE_MODULES = YES;
				CLANG_ENABLE_OBJC_ARC = YES;
				CLANG_WARN_BOOL_CONVERSION = YES;
				CLANG_WARN_CONSTANT_CONVERSION = YES;
				CLANG_WARN_DIRECT_OBJC_ISA_USAGE = YES_ERROR;
				CLANG_WARN_EMPTY_BODY = YES;
				CLANG_WARN_ENUM_CONVERSION = YES;
				CLANG_WARN_INFINITE_RECURSION = YES;
				CLANG_WARN_INT_CONVERSION = YES;
				CLANG_WARN_OBJC_ROOT_CLASS = YES_ERROR;
				CLANG_WARN_SUSPICIOUS_MOVE = YES;
				CLANG_WARN_UNREACHABLE_CODE = YES;
				CLANG_WARN__DUPLICATE_METHOD_MATCH = YES;
				"CODE_SIGN_IDENTITY[sdk=iphoneos*]" = "iPhone Developer";
				COPY_PHASE_STRIP = NO;
				CURRENT_PROJECT_VERSION = 1;
				DEBUG_INFORMATION_FORMAT = dwarf;
				ENABLE_STRICT_OBJC_MSGSEND = YES;
				ENABLE_TESTABILITY = YES;
				GCC_C_LANGUAGE_STANDARD = gnu99;
				GCC_DYNAMIC_NO_PIC = NO;
				GCC_NO_COMMON_BLOCKS = YES;
				GCC_OPTIMIZATION_LEVEL = 0;
				GCC_PREPROCESSOR_DEFINITIONS = (
					"DEBUG=1",
					"$(inherited)",
				);
				GCC_WARN_64_TO_32_BIT_CONVERSION = YES;
				GCC_WARN_ABOUT_RETURN_TYPE = YES_ERROR;
				GCC_WARN_UNDECLARED_SELECTOR = YES;
				GCC_WARN_UNINITIALIZED_AUTOS = YES_AGGRESSIVE;
				GCC_WARN_UNUSED_FUNCTION = YES;
				GCC_WARN_UNUSED_VARIABLE = YES;
				IPHONEOS_DEPLOYMENT_TARGET = 9.3;
				MTL_ENABLE_DEBUG_INFO = YES;
				ONLY_ACTIVE_ARCH = YES;
				SDKROOT = iphoneos;
				SWIFT_OPTIMIZATION_LEVEL = "-Onone";
				TARGETED_DEVICE_FAMILY = "1,2";
				VERSIONING_SYSTEM = "apple-generic";
				VERSION_INFO_PREFIX = "";
			};
			name = Debug;
		};
		2E9420461D3DA854007324BB /* Release */ = {
			isa = XCBuildConfiguration;
			buildSettings = {
				ALWAYS_SEARCH_USER_PATHS = NO;
				CLANG_ANALYZER_NONNULL = YES;
				CLANG_CXX_LANGUAGE_STANDARD = "gnu++0x";
				CLANG_CXX_LIBRARY = "libc++";
				CLANG_ENABLE_MODULES = YES;
				CLANG_ENABLE_OBJC_ARC = YES;
				CLANG_WARN_BOOL_CONVERSION = YES;
				CLANG_WARN_CONSTANT_CONVERSION = YES;
				CLANG_WARN_DIRECT_OBJC_ISA_USAGE = YES_ERROR;
				CLANG_WARN_EMPTY_BODY = YES;
				CLANG_WARN_ENUM_CONVERSION = YES;
				CLANG_WARN_INFINITE_RECURSION = YES;
				CLANG_WARN_INT_CONVERSION = YES;
				CLANG_WARN_OBJC_ROOT_CLASS = YES_ERROR;
				CLANG_WARN_SUSPICIOUS_MOVE = YES;
				CLANG_WARN_UNREACHABLE_CODE = YES;
				CLANG_WARN__DUPLICATE_METHOD_MATCH = YES;
				"CODE_SIGN_IDENTITY[sdk=iphoneos*]" = "iPhone Developer";
				COPY_PHASE_STRIP = NO;
				CURRENT_PROJECT_VERSION = 1;
				DEBUG_INFORMATION_FORMAT = "dwarf-with-dsym";
				ENABLE_NS_ASSERTIONS = NO;
				ENABLE_STRICT_OBJC_MSGSEND = YES;
				GCC_C_LANGUAGE_STANDARD = gnu99;
				GCC_NO_COMMON_BLOCKS = YES;
				GCC_WARN_64_TO_32_BIT_CONVERSION = YES;
				GCC_WARN_ABOUT_RETURN_TYPE = YES_ERROR;
				GCC_WARN_UNDECLARED_SELECTOR = YES;
				GCC_WARN_UNINITIALIZED_AUTOS = YES_AGGRESSIVE;
				GCC_WARN_UNUSED_FUNCTION = YES;
				GCC_WARN_UNUSED_VARIABLE = YES;
				IPHONEOS_DEPLOYMENT_TARGET = 9.3;
				MTL_ENABLE_DEBUG_INFO = NO;
				SDKROOT = iphoneos;
				SWIFT_OPTIMIZATION_LEVEL = "-Owholemodule";
				TARGETED_DEVICE_FAMILY = "1,2";
				VALIDATE_PRODUCT = YES;
				VERSIONING_SYSTEM = "apple-generic";
				VERSION_INFO_PREFIX = "";
			};
			name = Release;
		};
		2E9420641D3DA8C5007324BB /* Debug */ = {
			isa = XCBuildConfiguration;
			buildSettings = {
				CLANG_ENABLE_MODULES = YES;
				"CODE_SIGN_IDENTITY[sdk=iphoneos*]" = "";
				DEFINES_MODULE = YES;
				DYLIB_COMPATIBILITY_VERSION = 1;
				DYLIB_CURRENT_VERSION = 1;
				DYLIB_INSTALL_NAME_BASE = "@rpath";
				FRAMEWORK_SEARCH_PATHS = (
					"$(inherited)",
					"$(PROJECT_DIR)/Carthage/Build/iOS",
				);
				INFOPLIST_FILE = "$(SRCROOT)/Sources/Info.plist";
				INSTALL_PATH = "$(LOCAL_LIBRARY_DIR)/Frameworks";
				LD_RUNPATH_SEARCH_PATHS = "$(inherited) @executable_path/Frameworks @loader_path/Frameworks";
				PRODUCT_BUNDLE_IDENTIFIER = com.rajatvig.client.Todolient;
				PRODUCT_NAME = TodoClient;
				SKIP_INSTALL = NO;
				SWIFT_OPTIMIZATION_LEVEL = "-Onone";
				SWIFT_VERSION = 3.0;
			};
			name = Debug;
		};
		2E9420651D3DA8C5007324BB /* Release */ = {
			isa = XCBuildConfiguration;
			buildSettings = {
				CLANG_ENABLE_MODULES = YES;
				"CODE_SIGN_IDENTITY[sdk=iphoneos*]" = "";
				DEFINES_MODULE = YES;
				DYLIB_COMPATIBILITY_VERSION = 1;
				DYLIB_CURRENT_VERSION = 1;
				DYLIB_INSTALL_NAME_BASE = "@rpath";
				FRAMEWORK_SEARCH_PATHS = (
					"$(inherited)",
					"$(PROJECT_DIR)/Carthage/Build/iOS",
				);
				INFOPLIST_FILE = "$(SRCROOT)/Sources/Info.plist";
				INSTALL_PATH = "$(LOCAL_LIBRARY_DIR)/Frameworks";
				LD_RUNPATH_SEARCH_PATHS = "$(inherited) @executable_path/Frameworks @loader_path/Frameworks";
				PRODUCT_BUNDLE_IDENTIFIER = com.rajatvig.client.TodoClient;
				PRODUCT_NAME = TodoClient;
				SKIP_INSTALL = NO;
				SWIFT_VERSION = 3.0;
			};
			name = Release;
		};
		2E9420671D3DA8C5007324BB /* Debug */ = {
			isa = XCBuildConfiguration;
			buildSettings = {
				FRAMEWORK_SEARCH_PATHS = (
					"$(inherited)",
					"$(PROJECT_DIR)/Carthage/Build/iOS",
				);
				INFOPLIST_FILE = "$(SRCROOT)/Tests/Info.plist";
				LD_RUNPATH_SEARCH_PATHS = "$(inherited) @executable_path/Frameworks @loader_path/Frameworks";
				PRODUCT_BUNDLE_IDENTIFIER = com.rajatvig.client.TodoClientTests;
				PRODUCT_NAME = TodoClientUnitTests;
				SWIFT_VERSION = 3.0;
			};
			name = Debug;
		};
		2E9420681D3DA8C5007324BB /* Release */ = {
			isa = XCBuildConfiguration;
			buildSettings = {
				FRAMEWORK_SEARCH_PATHS = (
					"$(inherited)",
					"$(PROJECT_DIR)/Carthage/Build/iOS",
				);
				INFOPLIST_FILE = "$(SRCROOT)/Tests/Info.plist";
				LD_RUNPATH_SEARCH_PATHS = "$(inherited) @executable_path/Frameworks @loader_path/Frameworks";
				PRODUCT_BUNDLE_IDENTIFIER = com.rajatvig.client.TodoClientTests;
				PRODUCT_NAME = TodoClientUnitTests;
				SWIFT_VERSION = 3.0;
			};
			name = Release;
		};
		2EB60E5F1D42754900EF2A54 /* Debug */ = {
			isa = XCBuildConfiguration;
			buildSettings = {
				FRAMEWORK_SEARCH_PATHS = (
					"$(inherited)",
					"$(PROJECT_DIR)/Carthage/Build/iOS",
				);
				INFOPLIST_FILE = "$(SRCROOT)/Tests/Info.plist";
				LD_RUNPATH_SEARCH_PATHS = "$(inherited) @executable_path/Frameworks @loader_path/Frameworks";
				PRODUCT_BUNDLE_IDENTIFIER = com.rajatvig.client.TodoClientContractTests;
				PRODUCT_NAME = TodoClientContractTests;
				SWIFT_VERSION = 3.0;
			};
			name = Debug;
		};
		2EB60E601D42754900EF2A54 /* Release */ = {
			isa = XCBuildConfiguration;
			buildSettings = {
				FRAMEWORK_SEARCH_PATHS = (
					"$(inherited)",
					"$(PROJECT_DIR)/Carthage/Build/iOS",
				);
				INFOPLIST_FILE = "$(SRCROOT)/Tests/Info.plist";
				LD_RUNPATH_SEARCH_PATHS = "$(inherited) @executable_path/Frameworks @loader_path/Frameworks";
				PRODUCT_BUNDLE_IDENTIFIER = com.rajatvig.client.TodoClientContractTests;
				PRODUCT_NAME = TodoClientContractTests;
				SWIFT_VERSION = 3.0;
			};
			name = Release;
		};
/* End XCBuildConfiguration section */

/* Begin XCConfigurationList section */
		2E94202D1D3DA854007324BB /* Build configuration list for PBXProject "TodoClient" */ = {
			isa = XCConfigurationList;
			buildConfigurations = (
				2E9420451D3DA854007324BB /* Debug */,
				2E9420461D3DA854007324BB /* Release */,
			);
			defaultConfigurationIsVisible = 0;
			defaultConfigurationName = Release;
		};
		2E9420631D3DA8C5007324BB /* Build configuration list for PBXNativeTarget "TodoClient" */ = {
			isa = XCConfigurationList;
			buildConfigurations = (
				2E9420641D3DA8C5007324BB /* Debug */,
				2E9420651D3DA8C5007324BB /* Release */,
			);
			defaultConfigurationIsVisible = 0;
			defaultConfigurationName = Release;
		};
		2E9420661D3DA8C5007324BB /* Build configuration list for PBXNativeTarget "TodoClientUnitTests" */ = {
			isa = XCConfigurationList;
			buildConfigurations = (
				2E9420671D3DA8C5007324BB /* Debug */,
				2E9420681D3DA8C5007324BB /* Release */,
			);
			defaultConfigurationIsVisible = 0;
			defaultConfigurationName = Release;
		};
		2EB60E611D42754900EF2A54 /* Build configuration list for PBXNativeTarget "TodoClientContractTests" */ = {
			isa = XCConfigurationList;
			buildConfigurations = (
				2EB60E5F1D42754900EF2A54 /* Debug */,
				2EB60E601D42754900EF2A54 /* Release */,
			);
			defaultConfigurationIsVisible = 0;
			defaultConfigurationName = Release;
		};
/* End XCConfigurationList section */
	};
	rootObject = 2E94202A1D3DA854007324BB /* Project object */;
}
